
Microsoft Visual Studio Solution File, Format Version 12.00
# Visual Studio Version 16
VisualStudioVersion = 16.0.29424.173
MinimumVisualStudioVersion = 10.0.40219.1
Project("{FAE04EC0-301F-11D3-BF4B-00C04F79EFBC}") = "SecondTask", "SecondTask\SecondTask.csproj", "{081541D6-D9CA-4599-A146-AB3292DF76A4}"
EndProject
Global
	GlobalSection(SolutionConfigurationPlatforms) = preSolution
		Debug|Any CPU = Debug|Any CPU
		Release|Any CPU = Release|Any CPU
	EndGlobalSection
	GlobalSection(ProjectConfigurationPlatforms) = postSolution
		{081541D6-D9CA-4599-A146-AB3292DF76A4}.Debug|Any CPU.ActiveCfg = Debug|Any CPU
		{081541D6-D9CA-4599-A146-AB3292DF76A4}.Debug|Any CPU.Build.0 = Debug|Any CPU
		{081541D6-D9CA-4599-A146-AB3292DF76A4}.Release|Any CPU.ActiveCfg = Release|Any CPU
		{081541D6-D9CA-4599-A146-AB3292DF76A4}.Release|Any CPU.Build.0 = Release|Any CPU
	EndGlobalSection
	GlobalSection(SolutionProperties) = preSolution
		HideSolutionNode = FALSE
	EndGlobalSection
	GlobalSection(ExtensibilityGlobals) = postSolution
		SolutionGuid = {D6678165-DDAC-45B4-9F47-D8C37208AB1F}
	EndGlobalSection
EndGlobal
